
Microsoft Visual Studio Solution File, Format Version 12.00
# Visual Studio Version 16
VisualStudioVersion = 16.0.29209.62
MinimumVisualStudioVersion = 10.0.40219.1
Project("{2150E333-8FDC-42A3-9474-1A3956D46DE8}") = "web", "web", "{22724285-11CA-450E-91A0-991E85AD6D31}"
EndProject
Project("{9A19103F-16F7-4668-BE54-9A1E7A4F7556}") = "Core.Common", "src\Core.Common\Core.Common.csproj", "{F11CFD5E-7810-448D-BE67-599717D1919B}"
EndProject
Project("{9A19103F-16F7-4668-BE54-9A1E7A4F7556}") = "Core.IRepository", "src\Core.IRepository\Core.IRepository.csproj", "{D7D73B31-C322-4ED1-91ED-5FD7C1F2F953}"
EndProject
Project("{9A19103F-16F7-4668-BE54-9A1E7A4F7556}") = "Core.Repository", "src\Core.Repository\Core.Repository.csproj", "{0BEC6E4E-2201-4B9E-BB13-3314CADDEE38}"
EndProject
Project("{9A19103F-16F7-4668-BE54-9A1E7A4F7556}") = "Core.Models", "src\Core.Models\Core.Models.csproj", "{F3E57DA7-393E-463D-83A9-BA040EDDDFF3}"
EndProject
Project("{9A19103F-16F7-4668-BE54-9A1E7A4F7556}") = "Core.Mapper", "src\Core.AutoMapper\Core.Mapper.csproj", "{18EF2991-85F1-4BD3-9CF0-47A0A830F1CC}"
EndProject
Project("{9A19103F-16F7-4668-BE54-9A1E7A4F7556}") = "Core.Contract", "src\Core.Contract\Core.Contract.csproj", "{429088AD-2FE5-4336-BDBD-5B054D5AB43D}"
EndProject
Project("{9A19103F-16F7-4668-BE54-9A1E7A4F7556}") = "Core.IContract", "src\Core.IContract\Core.IContract.csproj", "{164BCD76-E848-4146-8D15-2C6A7181DFBF}"
EndProject
Project("{2150E333-8FDC-42A3-9474-1A3956D46DE8}") = "src", "src", "{84539894-8423-484C-974C-24F8BACF2223}"
EndProject
Project("{2150E333-8FDC-42A3-9474-1A3956D46DE8}") = "docs", "docs", "{9A6BC53D-12E6-4F8D-807F-FA22D2C08322}"
	ProjectSection(SolutionItems) = preProject
		docs\CORE.API.md = docs\CORE.API.md
		docs\DOCKER.md = docs\DOCKER.md
		docs\Docker_命令.pdf = docs\Docker_命令.pdf
		docs\k8s.md = docs\k8s.md
	EndProjectSection
EndProject
Project("{2150E333-8FDC-42A3-9474-1A3956D46DE8}") = "build", "build", "{1A02E9F6-4149-477E-A1CE-2F72F0448ADF}"
	ProjectSection(SolutionItems) = preProject
		deploy.yaml = deploy.yaml
		Dockerfile = Dockerfile
		namespace.yaml = namespace.yaml
	EndProjectSection
EndProject
Project("{2150E333-8FDC-42A3-9474-1A3956D46DE8}") = "tests", "tests", "{5367AD30-28F8-4ED3-BDF0-25E038C73F78}"
EndProject
Project("{9A19103F-16F7-4668-BE54-9A1E7A4F7556}") = "Core.API", "src\Core.API\Core.API.csproj", "{DD74F8B8-B811-4285-9906-CD847E2D764D}"
EndProject
Project("{2150E333-8FDC-42A3-9474-1A3956D46DE8}") = "demo", "demo", "{771949F3-4674-4B20-9D54-0445FC609324}"
EndProject
Project("{9A19103F-16F7-4668-BE54-9A1E7A4F7556}") = "DemoSignalR", "demo\DemoSignalR\DemoSignalR.csproj", "{3E8A9E9C-E116-4FD2-BBC3-E86A4E71582F}"
EndProject
Project("{9A19103F-16F7-4668-BE54-9A1E7A4F7556}") = "DemoMongoDB", "demo\DemoMongoDB\DemoMongoDB.csproj", "{9C06A4A3-1B1C-4101-8258-C8800B0114E1}"
EndProject
Project("{9A19103F-16F7-4668-BE54-9A1E7A4F7556}") = "GrpcGreeter", "demo\GrpcGreeter\GrpcGreeter.csproj", "{2F2E4817-29F5-4B7A-A33E-B46E1F429313}"
EndProject
Project("{9A19103F-16F7-4668-BE54-9A1E7A4F7556}") = "GrpcGreeterClient", "demo\GrpcGreeterClient\GrpcGreeterClient.csproj", "{A91C0D5B-519F-43C0-AE54-6F5FD17657F7}"
EndProject
Project("{9A19103F-16F7-4668-BE54-9A1E7A4F7556}") = "DemoDapper", "demo\DemoDapper\DemoDapper.csproj", "{2C57CD16-CB3D-45A1-942B-07C0F652103F}"
EndProject
Project("{2150E333-8FDC-42A3-9474-1A3956D46DE8}") = "Design", "Design", "{52C52184-B1E6-4A46-8810-51985E351732}"
EndProject
Project("{9A19103F-16F7-4668-BE54-9A1E7A4F7556}") = "DesignMode", "demo\DesignMode\DesignMode.csproj", "{B082027A-74D7-456A-9852-2195AF5A83F2}"
EndProject
Project("{2150E333-8FDC-42A3-9474-1A3956D46DE8}") = "examples", "examples", "{3DDF4CD7-E0F3-4CB8-815F-27FE090559EC}"
	ProjectSection(SolutionItems) = preProject
		examples\README.md = examples\README.md
	EndProjectSection
EndProject
Project("{2150E333-8FDC-42A3-9474-1A3956D46DE8}") = "CacheDemo", "CacheDemo", "{DDBDD4E0-871E-475F-8394-2BF49026BDC6}"
EndProject
Project("{2150E333-8FDC-42A3-9474-1A3956D46DE8}") = "ConfigrationDemo", "ConfigrationDemo", "{7916D7FA-8012-4FDA-ACF3-DE81FE91F56E}"
EndProject
Project("{2150E333-8FDC-42A3-9474-1A3956D46DE8}") = "DIDemo", "DIDemo", "{C4283BB4-BA2F-4E59-91AF-6C1E8A091A68}"
EndProject
Project("{2150E333-8FDC-42A3-9474-1A3956D46DE8}") = "Documents", "Documents", "{159593E0-D80A-4B31-A08C-5026362A9C29}"
	ProjectSection(SolutionItems) = preProject
		examples\Documents\1.1 [Basic] ASP.NET Core 的启动和运行机制.md = examples\Documents\1.1 [Basic] ASP.NET Core 的启动和运行机制.md
		examples\Documents\1.2 [Basic] ASP.NET Core 中的配置.md = examples\Documents\1.2 [Basic] ASP.NET Core 中的配置.md
		examples\Documents\1.3 [Basic] ASP.NET Core 中的依赖注入.md = examples\Documents\1.3 [Basic] ASP.NET Core 中的依赖注入.md
		examples\Documents\1.4 [Basic] ASP.NET Core 中的日志记录.md = examples\Documents\1.4 [Basic] ASP.NET Core 中的日志记录.md
		examples\Documents\1.5 [Basic] ASP.NET Core 中的缓存.md = examples\Documents\1.5 [Basic] ASP.NET Core 中的缓存.md
		examples\Documents\1.6 [Basic] ASP.NET Core 中的 ORM 之 Dapper.md = examples\Documents\1.6 [Basic] ASP.NET Core 中的 ORM 之 Dapper.md
		examples\Documents\1.7 [Basic] ASP.NET Core 中的 ORM 之 Entity Framework.md = examples\Documents\1.7 [Basic] ASP.NET Core 中的 ORM 之 Entity Framework.md
		examples\Documents\1.7.1 EF Core 实现多租户.md = examples\Documents\1.7.1 EF Core 实现多租户.md
		examples\Documents\1.8 [Basic] ASP.NET Core 中的对象映射之 AutoMapper.md = examples\Documents\1.8 [Basic] ASP.NET Core 中的对象映射之 AutoMapper.md
		examples\Documents\1.9 [Basic] .NET Core 中的通用主机和后台服务.md = examples\Documents\1.9 [Basic] .NET Core 中的通用主机和后台服务.md
		examples\Documents\2.0 [Basic] ASP.NET Core WebAPI 中使用  JWT Bearer 认证和授权.md = examples\Documents\2.0 [Basic] ASP.NET Core WebAPI 中使用  JWT Bearer 认证和授权.md
		examples\Documents\2.1 [Basic] ASP.NET Core 中的实时框架 SignalR.md = examples\Documents\2.1 [Basic] ASP.NET Core 中的实时框架 SignalR.md
		examples\Documents\2.2前端知识.md = examples\Documents\2.2前端知识.md
		examples\Documents\2.3数据库知识.md = examples\Documents\2.3数据库知识.md
		examples\Documents\2.4部署知识.md = examples\Documents\2.4部署知识.md
	EndProjectSection
EndProject
Project("{2150E333-8FDC-42A3-9474-1A3956D46DE8}") = "GenericHostDemo", "GenericHostDemo", "{951C1BFE-ADE3-47FF-A4B8-107E4CA7403A}"
EndProject
Project("{2150E333-8FDC-42A3-9474-1A3956D46DE8}") = "LogDemo", "LogDemo", "{692C176D-23B8-4C7E-AA24-A76082166884}"
EndProject
Project("{2150E333-8FDC-42A3-9474-1A3956D46DE8}") = "ORMDemo", "ORMDemo", "{AC5CDC29-ADEE-441D-A887-23E68107D94C}"
EndProject
Project("{2150E333-8FDC-42A3-9474-1A3956D46DE8}") = "SecurityDemo", "SecurityDemo", "{9AE19DDA-663D-4E7D-86B1-F8DC31EBAF31}"
EndProject
Project("{2150E333-8FDC-42A3-9474-1A3956D46DE8}") = "SignalRDemo", "SignalRDemo", "{39F23B70-F0D9-4F77-8939-4F2328CA8232}"
EndProject
Project("{9A19103F-16F7-4668-BE54-9A1E7A4F7556}") = "CacheDemo.MemoryCache", "examples\CacheDemo\CacheDemo.MemoryCache\CacheDemo.MemoryCache.csproj", "{9D6DD3BF-A678-40D4-9B18-6419BA2ACE5C}"
EndProject
Project("{9A19103F-16F7-4668-BE54-9A1E7A4F7556}") = "CacheDemo.Redis", "examples\CacheDemo\CacheDemo.Redis\CacheDemo.Redis.csproj", "{AE406B2B-225E-49B1-83A4-A445D207DC07}"
EndProject
Project("{9A19103F-16F7-4668-BE54-9A1E7A4F7556}") = "CacheDemo.StackExchangeRedis", "examples\CacheDemo\CacheDemo.StackExchangeRedis\CacheDemo.StackExchangeRedis.csproj", "{3045C780-FE41-44CB-AEE9-91ECF60A6946}"
EndProject
Project("{9A19103F-16F7-4668-BE54-9A1E7A4F7556}") = "CacheDemo.StackExchangeRedisConsole", "examples\CacheDemo\CacheDemo.StackExchangeRedisConsole\CacheDemo.StackExchangeRedisConsole.csproj", "{14701888-9988-4689-B9B6-4531FBF0D5C1}"
EndProject
Project("{9A19103F-16F7-4668-BE54-9A1E7A4F7556}") = "TestConfigration", "examples\ConfigrationDemo\TestConfigration\TestConfigration.csproj", "{FE22106C-B873-42B0-9FFD-FEBED7D9269E}"
EndProject
Project("{9A19103F-16F7-4668-BE54-9A1E7A4F7556}") = "DIDemo", "examples\DIDemo\DIDemo\DIDemo.csproj", "{9F661720-DD2D-4C19-868D-B97239BCEF29}"
EndProject
Project("{9A19103F-16F7-4668-BE54-9A1E7A4F7556}") = "GenericHostDemo", "examples\GenericHostDemo\GenericHostDemo\GenericHostDemo.csproj", "{41DA20A7-F7BD-4E31-8B07-EFCDBAD54854}"
EndProject
Project("{9A19103F-16F7-4668-BE54-9A1E7A4F7556}") = "TestRabbitMQ.Message", "examples\GenericHostDemo\TestRabbitMQ.Message\TestRabbitMQ.Message.csproj", "{1A007C0E-FC2B-4992-AB2F-2D0B16890EDC}"
EndProject
Project("{9A19103F-16F7-4668-BE54-9A1E7A4F7556}") = "TestRabbitMQ.Publisher", "examples\GenericHostDemo\TestRabbitMQ.Publisher\TestRabbitMQ.Publisher.csproj", "{28EFC220-47C4-424A-81ED-83E092119B1A}"
EndProject
Project("{9A19103F-16F7-4668-BE54-9A1E7A4F7556}") = "LogDemo", "examples\LogDemo\LogDemo\LogDemo.csproj", "{05EBA693-AD08-4A92-BCD6-CD85B2B6D5E7}"
EndProject
Project("{9A19103F-16F7-4668-BE54-9A1E7A4F7556}") = "ORMDemo.AutoMapperTest", "examples\ORMDemo\ORMDemo.AutoMapperTest\ORMDemo.AutoMapperTest.csproj", "{DFDB9A26-0518-4E49-9DAC-83717C1CC187}"
EndProject
Project("{9A19103F-16F7-4668-BE54-9A1E7A4F7556}") = "ORMDemo.Dapper", "examples\ORMDemo\ORMDemo.Dapper\ORMDemo.Dapper.csproj", "{BFB00272-A884-4FF6-835E-09E9AA089703}"
EndProject
Project("{9A19103F-16F7-4668-BE54-9A1E7A4F7556}") = "ORMDemo.Dapper.Test", "examples\ORMDemo\ORMDemo.Dapper.Test\ORMDemo.Dapper.Test.csproj", "{F1B8B95B-2CC9-41AA-819D-D251C8B89D63}"
EndProject
Project("{9A19103F-16F7-4668-BE54-9A1E7A4F7556}") = "ORMDemo.EF", "examples\ORMDemo\ORMDemo.EF\ORMDemo.EF.csproj", "{B0945AB6-20A8-482B-8DFE-CAC1AC7CE271}"
EndProject
Project("{9A19103F-16F7-4668-BE54-9A1E7A4F7556}") = "ORMDemo.EFDBFirst", "examples\ORMDemo\ORMDemo.EFDBFirst\ORMDemo.EFDBFirst.csproj", "{4F7526A9-07F0-41DD-858B-89967DD65191}"
EndProject
Project("{9A19103F-16F7-4668-BE54-9A1E7A4F7556}") = "ORMDemo.EFWithRepository", "examples\ORMDemo\ORMDemo.EFWithRepository\ORMDemo.EFWithRepository.csproj", "{DF8C8D9D-4269-4BC8-AA5A-A47B996B661A}"
EndProject
Project("{9A19103F-16F7-4668-BE54-9A1E7A4F7556}") = "ORMDemo.MultiTenancy", "examples\ORMDemo\ORMDemo.MultiTenancy\ORMDemo.MultiTenancy.csproj", "{F82421F4-5D84-4DEE-9435-71462F0D9A52}"
EndProject
Project("{9A19103F-16F7-4668-BE54-9A1E7A4F7556}") = "SecurityDemo.Authentication.JWT", "examples\SecurityDemo\SecurityDemo.Authentication.JWT\SecurityDemo.Authentication.JWT.csproj", "{039B42AD-05AA-43AE-98A5-92C3B40F631D}"
EndProject
Project("{9A19103F-16F7-4668-BE54-9A1E7A4F7556}") = "SignalRChatDemo", "examples\SignalRDemo\SignalRChatDemo\SignalRChatDemo.csproj", "{7EE50BE9-D3C8-4BD5-BCA8-AB4A558382F3}"
EndProject
Project("{9A19103F-16F7-4668-BE54-9A1E7A4F7556}") = "SignalRJWTDemo", "examples\SignalRDemo\SignalRJWTDemo\SignalRJWTDemo.csproj", "{6A4DF205-F040-4434-B00B-775A95A3BD0B}"
EndProject
Project("{9A19103F-16F7-4668-BE54-9A1E7A4F7556}") = "DemoWebApi", "demo\DemoWebApi\DemoWebApi.csproj", "{EEF94A99-B8E3-40D6-B955-E0846F22DD30}"
EndProject
Project("{FAE04EC0-301F-11D3-BF4B-00C04F79EFBC}") = "DemoAttribute", "demo\DemoAttribute\DemoAttribute.csproj", "{EDEA60BC-1291-4686-803C-E30F9779A13E}"
EndProject
Global
	GlobalSection(SolutionConfigurationPlatforms) = preSolution
		Debug|Any CPU = Debug|Any CPU
		Release|Any CPU = Release|Any CPU
	EndGlobalSection
	GlobalSection(ProjectConfigurationPlatforms) = postSolution
		{F11CFD5E-7810-448D-BE67-599717D1919B}.Debug|Any CPU.ActiveCfg = Debug|Any CPU
		{F11CFD5E-7810-448D-BE67-599717D1919B}.Debug|Any CPU.Build.0 = Debug|Any CPU
		{F11CFD5E-7810-448D-BE67-599717D1919B}.Release|Any CPU.ActiveCfg = Release|Any CPU
		{F11CFD5E-7810-448D-BE67-599717D1919B}.Release|Any CPU.Build.0 = Release|Any CPU
		{D7D73B31-C322-4ED1-91ED-5FD7C1F2F953}.Debug|Any CPU.ActiveCfg = Debug|Any CPU
		{D7D73B31-C322-4ED1-91ED-5FD7C1F2F953}.Debug|Any CPU.Build.0 = Debug|Any CPU
		{D7D73B31-C322-4ED1-91ED-5FD7C1F2F953}.Release|Any CPU.ActiveCfg = Release|Any CPU
		{D7D73B31-C322-4ED1-91ED-5FD7C1F2F953}.Release|Any CPU.Build.0 = Release|Any CPU
		{0BEC6E4E-2201-4B9E-BB13-3314CADDEE38}.Debug|Any CPU.ActiveCfg = Debug|Any CPU
		{0BEC6E4E-2201-4B9E-BB13-3314CADDEE38}.Debug|Any CPU.Build.0 = Debug|Any CPU
		{0BEC6E4E-2201-4B9E-BB13-3314CADDEE38}.Release|Any CPU.ActiveCfg = Release|Any CPU
		{0BEC6E4E-2201-4B9E-BB13-3314CADDEE38}.Release|Any CPU.Build.0 = Release|Any CPU
		{F3E57DA7-393E-463D-83A9-BA040EDDDFF3}.Debug|Any CPU.ActiveCfg = Debug|Any CPU
		{F3E57DA7-393E-463D-83A9-BA040EDDDFF3}.Debug|Any CPU.Build.0 = Debug|Any CPU
		{F3E57DA7-393E-463D-83A9-BA040EDDDFF3}.Release|Any CPU.ActiveCfg = Release|Any CPU
		{F3E57DA7-393E-463D-83A9-BA040EDDDFF3}.Release|Any CPU.Build.0 = Release|Any CPU
		{18EF2991-85F1-4BD3-9CF0-47A0A830F1CC}.Debug|Any CPU.ActiveCfg = Debug|Any CPU
		{18EF2991-85F1-4BD3-9CF0-47A0A830F1CC}.Debug|Any CPU.Build.0 = Debug|Any CPU
		{18EF2991-85F1-4BD3-9CF0-47A0A830F1CC}.Release|Any CPU.ActiveCfg = Release|Any CPU
		{18EF2991-85F1-4BD3-9CF0-47A0A830F1CC}.Release|Any CPU.Build.0 = Release|Any CPU
		{429088AD-2FE5-4336-BDBD-5B054D5AB43D}.Debug|Any CPU.ActiveCfg = Debug|Any CPU
		{429088AD-2FE5-4336-BDBD-5B054D5AB43D}.Debug|Any CPU.Build.0 = Debug|Any CPU
		{429088AD-2FE5-4336-BDBD-5B054D5AB43D}.Release|Any CPU.ActiveCfg = Release|Any CPU
		{429088AD-2FE5-4336-BDBD-5B054D5AB43D}.Release|Any CPU.Build.0 = Release|Any CPU
		{164BCD76-E848-4146-8D15-2C6A7181DFBF}.Debug|Any CPU.ActiveCfg = Debug|Any CPU
		{164BCD76-E848-4146-8D15-2C6A7181DFBF}.Debug|Any CPU.Build.0 = Debug|Any CPU
		{164BCD76-E848-4146-8D15-2C6A7181DFBF}.Release|Any CPU.ActiveCfg = Release|Any CPU
		{164BCD76-E848-4146-8D15-2C6A7181DFBF}.Release|Any CPU.Build.0 = Release|Any CPU
		{DD74F8B8-B811-4285-9906-CD847E2D764D}.Debug|Any CPU.ActiveCfg = Debug|Any CPU
		{DD74F8B8-B811-4285-9906-CD847E2D764D}.Debug|Any CPU.Build.0 = Debug|Any CPU
		{DD74F8B8-B811-4285-9906-CD847E2D764D}.Release|Any CPU.ActiveCfg = Release|Any CPU
		{DD74F8B8-B811-4285-9906-CD847E2D764D}.Release|Any CPU.Build.0 = Release|Any CPU
		{3E8A9E9C-E116-4FD2-BBC3-E86A4E71582F}.Debug|Any CPU.ActiveCfg = Debug|Any CPU
		{3E8A9E9C-E116-4FD2-BBC3-E86A4E71582F}.Debug|Any CPU.Build.0 = Debug|Any CPU
		{3E8A9E9C-E116-4FD2-BBC3-E86A4E71582F}.Release|Any CPU.ActiveCfg = Release|Any CPU
		{3E8A9E9C-E116-4FD2-BBC3-E86A4E71582F}.Release|Any CPU.Build.0 = Release|Any CPU
		{9C06A4A3-1B1C-4101-8258-C8800B0114E1}.Debug|Any CPU.ActiveCfg = Debug|Any CPU
		{9C06A4A3-1B1C-4101-8258-C8800B0114E1}.Debug|Any CPU.Build.0 = Debug|Any CPU
		{9C06A4A3-1B1C-4101-8258-C8800B0114E1}.Release|Any CPU.ActiveCfg = Release|Any CPU
		{9C06A4A3-1B1C-4101-8258-C8800B0114E1}.Release|Any CPU.Build.0 = Release|Any CPU
		{2F2E4817-29F5-4B7A-A33E-B46E1F429313}.Debug|Any CPU.ActiveCfg = Debug|Any CPU
		{2F2E4817-29F5-4B7A-A33E-B46E1F429313}.Debug|Any CPU.Build.0 = Debug|Any CPU
		{2F2E4817-29F5-4B7A-A33E-B46E1F429313}.Release|Any CPU.ActiveCfg = Release|Any CPU
		{2F2E4817-29F5-4B7A-A33E-B46E1F429313}.Release|Any CPU.Build.0 = Release|Any CPU
		{A91C0D5B-519F-43C0-AE54-6F5FD17657F7}.Debug|Any CPU.ActiveCfg = Debug|Any CPU
		{A91C0D5B-519F-43C0-AE54-6F5FD17657F7}.Debug|Any CPU.Build.0 = Debug|Any CPU
		{A91C0D5B-519F-43C0-AE54-6F5FD17657F7}.Release|Any CPU.ActiveCfg = Release|Any CPU
		{A91C0D5B-519F-43C0-AE54-6F5FD17657F7}.Release|Any CPU.Build.0 = Release|Any CPU
		{2C57CD16-CB3D-45A1-942B-07C0F652103F}.Debug|Any CPU.ActiveCfg = Debug|Any CPU
		{2C57CD16-CB3D-45A1-942B-07C0F652103F}.Debug|Any CPU.Build.0 = Debug|Any CPU
		{2C57CD16-CB3D-45A1-942B-07C0F652103F}.Release|Any CPU.ActiveCfg = Release|Any CPU
		{2C57CD16-CB3D-45A1-942B-07C0F652103F}.Release|Any CPU.Build.0 = Release|Any CPU
		{B082027A-74D7-456A-9852-2195AF5A83F2}.Debug|Any CPU.ActiveCfg = Debug|Any CPU
		{B082027A-74D7-456A-9852-2195AF5A83F2}.Debug|Any CPU.Build.0 = Debug|Any CPU
		{B082027A-74D7-456A-9852-2195AF5A83F2}.Release|Any CPU.ActiveCfg = Release|Any CPU
		{B082027A-74D7-456A-9852-2195AF5A83F2}.Release|Any CPU.Build.0 = Release|Any CPU
		{9D6DD3BF-A678-40D4-9B18-6419BA2ACE5C}.Debug|Any CPU.ActiveCfg = Debug|Any CPU
		{9D6DD3BF-A678-40D4-9B18-6419BA2ACE5C}.Debug|Any CPU.Build.0 = Debug|Any CPU
		{9D6DD3BF-A678-40D4-9B18-6419BA2ACE5C}.Release|Any CPU.ActiveCfg = Release|Any CPU
		{9D6DD3BF-A678-40D4-9B18-6419BA2ACE5C}.Release|Any CPU.Build.0 = Release|Any CPU
		{AE406B2B-225E-49B1-83A4-A445D207DC07}.Debug|Any CPU.ActiveCfg = Debug|Any CPU
		{AE406B2B-225E-49B1-83A4-A445D207DC07}.Debug|Any CPU.Build.0 = Debug|Any CPU
		{AE406B2B-225E-49B1-83A4-A445D207DC07}.Release|Any CPU.ActiveCfg = Release|Any CPU
		{AE406B2B-225E-49B1-83A4-A445D207DC07}.Release|Any CPU.Build.0 = Release|Any CPU
		{3045C780-FE41-44CB-AEE9-91ECF60A6946}.Debug|Any CPU.ActiveCfg = Debug|Any CPU
		{3045C780-FE41-44CB-AEE9-91ECF60A6946}.Debug|Any CPU.Build.0 = Debug|Any CPU
		{3045C780-FE41-44CB-AEE9-91ECF60A6946}.Release|Any CPU.ActiveCfg = Release|Any CPU
		{3045C780-FE41-44CB-AEE9-91ECF60A6946}.Release|Any CPU.Build.0 = Release|Any CPU
		{14701888-9988-4689-B9B6-4531FBF0D5C1}.Debug|Any CPU.ActiveCfg = Debug|Any CPU
		{14701888-9988-4689-B9B6-4531FBF0D5C1}.Debug|Any CPU.Build.0 = Debug|Any CPU
		{14701888-9988-4689-B9B6-4531FBF0D5C1}.Release|Any CPU.ActiveCfg = Release|Any CPU
		{14701888-9988-4689-B9B6-4531FBF0D5C1}.Release|Any CPU.Build.0 = Release|Any CPU
		{FE22106C-B873-42B0-9FFD-FEBED7D9269E}.Debug|Any CPU.ActiveCfg = Debug|Any CPU
		{FE22106C-B873-42B0-9FFD-FEBED7D9269E}.Debug|Any CPU.Build.0 = Debug|Any CPU
		{FE22106C-B873-42B0-9FFD-FEBED7D9269E}.Release|Any CPU.ActiveCfg = Release|Any CPU
		{FE22106C-B873-42B0-9FFD-FEBED7D9269E}.Release|Any CPU.Build.0 = Release|Any CPU
		{9F661720-DD2D-4C19-868D-B97239BCEF29}.Debug|Any CPU.ActiveCfg = Debug|Any CPU
		{9F661720-DD2D-4C19-868D-B97239BCEF29}.Debug|Any CPU.Build.0 = Debug|Any CPU
		{9F661720-DD2D-4C19-868D-B97239BCEF29}.Release|Any CPU.ActiveCfg = Release|Any CPU
		{9F661720-DD2D-4C19-868D-B97239BCEF29}.Release|Any CPU.Build.0 = Release|Any CPU
		{41DA20A7-F7BD-4E31-8B07-EFCDBAD54854}.Debug|Any CPU.ActiveCfg = Debug|Any CPU
		{41DA20A7-F7BD-4E31-8B07-EFCDBAD54854}.Debug|Any CPU.Build.0 = Debug|Any CPU
		{41DA20A7-F7BD-4E31-8B07-EFCDBAD54854}.Release|Any CPU.ActiveCfg = Release|Any CPU
		{41DA20A7-F7BD-4E31-8B07-EFCDBAD54854}.Release|Any CPU.Build.0 = Release|Any CPU
		{1A007C0E-FC2B-4992-AB2F-2D0B16890EDC}.Debug|Any CPU.ActiveCfg = Debug|Any CPU
		{1A007C0E-FC2B-4992-AB2F-2D0B16890EDC}.Debug|Any CPU.Build.0 = Debug|Any CPU
		{1A007C0E-FC2B-4992-AB2F-2D0B16890EDC}.Release|Any CPU.ActiveCfg = Release|Any CPU
		{1A007C0E-FC2B-4992-AB2F-2D0B16890EDC}.Release|Any CPU.Build.0 = Release|Any CPU
		{28EFC220-47C4-424A-81ED-83E092119B1A}.Debug|Any CPU.ActiveCfg = Debug|Any CPU
		{28EFC220-47C4-424A-81ED-83E092119B1A}.Debug|Any CPU.Build.0 = Debug|Any CPU
		{28EFC220-47C4-424A-81ED-83E092119B1A}.Release|Any CPU.ActiveCfg = Release|Any CPU
		{28EFC220-47C4-424A-81ED-83E092119B1A}.Release|Any CPU.Build.0 = Release|Any CPU
		{05EBA693-AD08-4A92-BCD6-CD85B2B6D5E7}.Debug|Any CPU.ActiveCfg = Debug|Any CPU
		{05EBA693-AD08-4A92-BCD6-CD85B2B6D5E7}.Debug|Any CPU.Build.0 = Debug|Any CPU
		{05EBA693-AD08-4A92-BCD6-CD85B2B6D5E7}.Release|Any CPU.ActiveCfg = Release|Any CPU
		{05EBA693-AD08-4A92-BCD6-CD85B2B6D5E7}.Release|Any CPU.Build.0 = Release|Any CPU
		{DFDB9A26-0518-4E49-9DAC-83717C1CC187}.Debug|Any CPU.ActiveCfg = Debug|Any CPU
		{DFDB9A26-0518-4E49-9DAC-83717C1CC187}.Debug|Any CPU.Build.0 = Debug|Any CPU
		{DFDB9A26-0518-4E49-9DAC-83717C1CC187}.Release|Any CPU.ActiveCfg = Release|Any CPU
		{DFDB9A26-0518-4E49-9DAC-83717C1CC187}.Release|Any CPU.Build.0 = Release|Any CPU
		{BFB00272-A884-4FF6-835E-09E9AA089703}.Debug|Any CPU.ActiveCfg = Debug|Any CPU
		{BFB00272-A884-4FF6-835E-09E9AA089703}.Debug|Any CPU.Build.0 = Debug|Any CPU
		{BFB00272-A884-4FF6-835E-09E9AA089703}.Release|Any CPU.ActiveCfg = Release|Any CPU
		{BFB00272-A884-4FF6-835E-09E9AA089703}.Release|Any CPU.Build.0 = Release|Any CPU
		{F1B8B95B-2CC9-41AA-819D-D251C8B89D63}.Debug|Any CPU.ActiveCfg = Debug|Any CPU
		{F1B8B95B-2CC9-41AA-819D-D251C8B89D63}.Debug|Any CPU.Build.0 = Debug|Any CPU
		{F1B8B95B-2CC9-41AA-819D-D251C8B89D63}.Release|Any CPU.ActiveCfg = Release|Any CPU
		{F1B8B95B-2CC9-41AA-819D-D251C8B89D63}.Release|Any CPU.Build.0 = Release|Any CPU
		{B0945AB6-20A8-482B-8DFE-CAC1AC7CE271}.Debug|Any CPU.ActiveCfg = Debug|Any CPU
		{B0945AB6-20A8-482B-8DFE-CAC1AC7CE271}.Debug|Any CPU.Build.0 = Debug|Any CPU
		{B0945AB6-20A8-482B-8DFE-CAC1AC7CE271}.Release|Any CPU.ActiveCfg = Release|Any CPU
		{B0945AB6-20A8-482B-8DFE-CAC1AC7CE271}.Release|Any CPU.Build.0 = Release|Any CPU
		{4F7526A9-07F0-41DD-858B-89967DD65191}.Debug|Any CPU.ActiveCfg = Debug|Any CPU
		{4F7526A9-07F0-41DD-858B-89967DD65191}.Debug|Any CPU.Build.0 = Debug|Any CPU
		{4F7526A9-07F0-41DD-858B-89967DD65191}.Release|Any CPU.ActiveCfg = Release|Any CPU
		{4F7526A9-07F0-41DD-858B-89967DD65191}.Release|Any CPU.Build.0 = Release|Any CPU
		{DF8C8D9D-4269-4BC8-AA5A-A47B996B661A}.Debug|Any CPU.ActiveCfg = Debug|Any CPU
		{DF8C8D9D-4269-4BC8-AA5A-A47B996B661A}.Debug|Any CPU.Build.0 = Debug|Any CPU
		{DF8C8D9D-4269-4BC8-AA5A-A47B996B661A}.Release|Any CPU.ActiveCfg = Release|Any CPU
		{DF8C8D9D-4269-4BC8-AA5A-A47B996B661A}.Release|Any CPU.Build.0 = Release|Any CPU
		{F82421F4-5D84-4DEE-9435-71462F0D9A52}.Debug|Any CPU.ActiveCfg = Debug|Any CPU
		{F82421F4-5D84-4DEE-9435-71462F0D9A52}.Debug|Any CPU.Build.0 = Debug|Any CPU
		{F82421F4-5D84-4DEE-9435-71462F0D9A52}.Release|Any CPU.ActiveCfg = Release|Any CPU
		{F82421F4-5D84-4DEE-9435-71462F0D9A52}.Release|Any CPU.Build.0 = Release|Any CPU
		{039B42AD-05AA-43AE-98A5-92C3B40F631D}.Debug|Any CPU.ActiveCfg = Debug|Any CPU
		{039B42AD-05AA-43AE-98A5-92C3B40F631D}.Debug|Any CPU.Build.0 = Debug|Any CPU
		{039B42AD-05AA-43AE-98A5-92C3B40F631D}.Release|Any CPU.ActiveCfg = Release|Any CPU
		{039B42AD-05AA-43AE-98A5-92C3B40F631D}.Release|Any CPU.Build.0 = Release|Any CPU
		{7EE50BE9-D3C8-4BD5-BCA8-AB4A558382F3}.Debug|Any CPU.ActiveCfg = Debug|Any CPU
		{7EE50BE9-D3C8-4BD5-BCA8-AB4A558382F3}.Debug|Any CPU.Build.0 = Debug|Any CPU
		{7EE50BE9-D3C8-4BD5-BCA8-AB4A558382F3}.Release|Any CPU.ActiveCfg = Release|Any CPU
		{7EE50BE9-D3C8-4BD5-BCA8-AB4A558382F3}.Release|Any CPU.Build.0 = Release|Any CPU
		{6A4DF205-F040-4434-B00B-775A95A3BD0B}.Debug|Any CPU.ActiveCfg = Debug|Any CPU
		{6A4DF205-F040-4434-B00B-775A95A3BD0B}.Debug|Any CPU.Build.0 = Debug|Any CPU
		{6A4DF205-F040-4434-B00B-775A95A3BD0B}.Release|Any CPU.ActiveCfg = Release|Any CPU
		{6A4DF205-F040-4434-B00B-775A95A3BD0B}.Release|Any CPU.Build.0 = Release|Any CPU
		{EEF94A99-B8E3-40D6-B955-E0846F22DD30}.Debug|Any CPU.ActiveCfg = Debug|Any CPU
		{EEF94A99-B8E3-40D6-B955-E0846F22DD30}.Debug|Any CPU.Build.0 = Debug|Any CPU
		{EEF94A99-B8E3-40D6-B955-E0846F22DD30}.Release|Any CPU.ActiveCfg = Release|Any CPU
		{EEF94A99-B8E3-40D6-B955-E0846F22DD30}.Release|Any CPU.Build.0 = Release|Any CPU
		{EDEA60BC-1291-4686-803C-E30F9779A13E}.Debug|Any CPU.ActiveCfg = Debug|Any CPU
		{EDEA60BC-1291-4686-803C-E30F9779A13E}.Debug|Any CPU.Build.0 = Debug|Any CPU
		{EDEA60BC-1291-4686-803C-E30F9779A13E}.Release|Any CPU.ActiveCfg = Release|Any CPU
		{EDEA60BC-1291-4686-803C-E30F9779A13E}.Release|Any CPU.Build.0 = Release|Any CPU
	EndGlobalSection
	GlobalSection(SolutionProperties) = preSolution
		HideSolutionNode = FALSE
	EndGlobalSection
	GlobalSection(NestedProjects) = preSolution
		{F11CFD5E-7810-448D-BE67-599717D1919B} = {84539894-8423-484C-974C-24F8BACF2223}
		{D7D73B31-C322-4ED1-91ED-5FD7C1F2F953} = {84539894-8423-484C-974C-24F8BACF2223}
		{0BEC6E4E-2201-4B9E-BB13-3314CADDEE38} = {84539894-8423-484C-974C-24F8BACF2223}
		{F3E57DA7-393E-463D-83A9-BA040EDDDFF3} = {84539894-8423-484C-974C-24F8BACF2223}
		{18EF2991-85F1-4BD3-9CF0-47A0A830F1CC} = {84539894-8423-484C-974C-24F8BACF2223}
		{429088AD-2FE5-4336-BDBD-5B054D5AB43D} = {84539894-8423-484C-974C-24F8BACF2223}
		{164BCD76-E848-4146-8D15-2C6A7181DFBF} = {84539894-8423-484C-974C-24F8BACF2223}
		{DD74F8B8-B811-4285-9906-CD847E2D764D} = {22724285-11CA-450E-91A0-991E85AD6D31}
		{3E8A9E9C-E116-4FD2-BBC3-E86A4E71582F} = {771949F3-4674-4B20-9D54-0445FC609324}
		{9C06A4A3-1B1C-4101-8258-C8800B0114E1} = {771949F3-4674-4B20-9D54-0445FC609324}
		{2F2E4817-29F5-4B7A-A33E-B46E1F429313} = {771949F3-4674-4B20-9D54-0445FC609324}
		{A91C0D5B-519F-43C0-AE54-6F5FD17657F7} = {771949F3-4674-4B20-9D54-0445FC609324}
		{2C57CD16-CB3D-45A1-942B-07C0F652103F} = {771949F3-4674-4B20-9D54-0445FC609324}
		{52C52184-B1E6-4A46-8810-51985E351732} = {771949F3-4674-4B20-9D54-0445FC609324}
		{B082027A-74D7-456A-9852-2195AF5A83F2} = {52C52184-B1E6-4A46-8810-51985E351732}
		{DDBDD4E0-871E-475F-8394-2BF49026BDC6} = {3DDF4CD7-E0F3-4CB8-815F-27FE090559EC}
		{7916D7FA-8012-4FDA-ACF3-DE81FE91F56E} = {3DDF4CD7-E0F3-4CB8-815F-27FE090559EC}
		{C4283BB4-BA2F-4E59-91AF-6C1E8A091A68} = {3DDF4CD7-E0F3-4CB8-815F-27FE090559EC}
		{159593E0-D80A-4B31-A08C-5026362A9C29} = {3DDF4CD7-E0F3-4CB8-815F-27FE090559EC}
		{951C1BFE-ADE3-47FF-A4B8-107E4CA7403A} = {3DDF4CD7-E0F3-4CB8-815F-27FE090559EC}
		{692C176D-23B8-4C7E-AA24-A76082166884} = {3DDF4CD7-E0F3-4CB8-815F-27FE090559EC}
		{AC5CDC29-ADEE-441D-A887-23E68107D94C} = {3DDF4CD7-E0F3-4CB8-815F-27FE090559EC}
		{9AE19DDA-663D-4E7D-86B1-F8DC31EBAF31} = {3DDF4CD7-E0F3-4CB8-815F-27FE090559EC}
		{39F23B70-F0D9-4F77-8939-4F2328CA8232} = {3DDF4CD7-E0F3-4CB8-815F-27FE090559EC}
		{9D6DD3BF-A678-40D4-9B18-6419BA2ACE5C} = {DDBDD4E0-871E-475F-8394-2BF49026BDC6}
		{AE406B2B-225E-49B1-83A4-A445D207DC07} = {DDBDD4E0-871E-475F-8394-2BF49026BDC6}
		{3045C780-FE41-44CB-AEE9-91ECF60A6946} = {DDBDD4E0-871E-475F-8394-2BF49026BDC6}
		{14701888-9988-4689-B9B6-4531FBF0D5C1} = {DDBDD4E0-871E-475F-8394-2BF49026BDC6}
		{FE22106C-B873-42B0-9FFD-FEBED7D9269E} = {7916D7FA-8012-4FDA-ACF3-DE81FE91F56E}
		{9F661720-DD2D-4C19-868D-B97239BCEF29} = {C4283BB4-BA2F-4E59-91AF-6C1E8A091A68}
		{41DA20A7-F7BD-4E31-8B07-EFCDBAD54854} = {951C1BFE-ADE3-47FF-A4B8-107E4CA7403A}
		{1A007C0E-FC2B-4992-AB2F-2D0B16890EDC} = {951C1BFE-ADE3-47FF-A4B8-107E4CA7403A}
		{28EFC220-47C4-424A-81ED-83E092119B1A} = {951C1BFE-ADE3-47FF-A4B8-107E4CA7403A}
		{05EBA693-AD08-4A92-BCD6-CD85B2B6D5E7} = {692C176D-23B8-4C7E-AA24-A76082166884}
		{DFDB9A26-0518-4E49-9DAC-83717C1CC187} = {AC5CDC29-ADEE-441D-A887-23E68107D94C}
		{BFB00272-A884-4FF6-835E-09E9AA089703} = {AC5CDC29-ADEE-441D-A887-23E68107D94C}
		{F1B8B95B-2CC9-41AA-819D-D251C8B89D63} = {AC5CDC29-ADEE-441D-A887-23E68107D94C}
		{B0945AB6-20A8-482B-8DFE-CAC1AC7CE271} = {AC5CDC29-ADEE-441D-A887-23E68107D94C}
		{4F7526A9-07F0-41DD-858B-89967DD65191} = {AC5CDC29-ADEE-441D-A887-23E68107D94C}
		{DF8C8D9D-4269-4BC8-AA5A-A47B996B661A} = {AC5CDC29-ADEE-441D-A887-23E68107D94C}
		{F82421F4-5D84-4DEE-9435-71462F0D9A52} = {AC5CDC29-ADEE-441D-A887-23E68107D94C}
		{039B42AD-05AA-43AE-98A5-92C3B40F631D} = {9AE19DDA-663D-4E7D-86B1-F8DC31EBAF31}
		{7EE50BE9-D3C8-4BD5-BCA8-AB4A558382F3} = {39F23B70-F0D9-4F77-8939-4F2328CA8232}
		{6A4DF205-F040-4434-B00B-775A95A3BD0B} = {39F23B70-F0D9-4F77-8939-4F2328CA8232}
		{EEF94A99-B8E3-40D6-B955-E0846F22DD30} = {771949F3-4674-4B20-9D54-0445FC609324}
		{EDEA60BC-1291-4686-803C-E30F9779A13E} = {771949F3-4674-4B20-9D54-0445FC609324}
	EndGlobalSection
	GlobalSection(ExtensibilityGlobals) = postSolution
		SolutionGuid = {12C31BE3-8B81-4569-BA0C-C043E77C58D4}
	EndGlobalSection
EndGlobal
