
Microsoft Visual Studio Solution File, Format Version 12.00
# Visual Studio Version 16
VisualStudioVersion = 16.0.29209.62
MinimumVisualStudioVersion = 10.0.40219.1
Project("{2150E333-8FDC-42A3-9474-1A3956D46DE8}") = "web", "web", "{22724285-11CA-450E-91A0-991E85AD6D31}"
EndProject
Project("{9A19103F-16F7-4668-BE54-9A1E7A4F7556}") = "Core.Common", "src\Core.Common\Core.Common.csproj", "{F11CFD5E-7810-448D-BE67-599717D1919B}"
EndProject
Project("{9A19103F-16F7-4668-BE54-9A1E7A4F7556}") = "Core.IRepository", "src\Core.IRepository\Core.IRepository.csproj", "{D7D73B31-C322-4ED1-91ED-5FD7C1F2F953}"
EndProject
Project("{9A19103F-16F7-4668-BE54-9A1E7A4F7556}") = "Core.Repository", "src\Core.Repository\Core.Repository.csproj", "{0BEC6E4E-2201-4B9E-BB13-3314CADDEE38}"
EndProject
Project("{9A19103F-16F7-4668-BE54-9A1E7A4F7556}") = "Core.Models", "src\Core.Models\Core.Models.csproj", "{F3E57DA7-393E-463D-83A9-BA040EDDDFF3}"
EndProject
Project("{9A19103F-16F7-4668-BE54-9A1E7A4F7556}") = "Core.Mapper", "src\Core.AutoMapper\Core.Mapper.csproj", "{18EF2991-85F1-4BD3-9CF0-47A0A830F1CC}"
EndProject
Project("{9A19103F-16F7-4668-BE54-9A1E7A4F7556}") = "Core.Contract", "src\Core.Contract\Core.Contract.csproj", "{429088AD-2FE5-4336-BDBD-5B054D5AB43D}"
EndProject
Project("{9A19103F-16F7-4668-BE54-9A1E7A4F7556}") = "Core.IContract", "src\Core.IContract\Core.IContract.csproj", "{164BCD76-E848-4146-8D15-2C6A7181DFBF}"
EndProject
Project("{2150E333-8FDC-42A3-9474-1A3956D46DE8}") = "src", "src", "{84539894-8423-484C-974C-24F8BACF2223}"
EndProject
Project("{2150E333-8FDC-42A3-9474-1A3956D46DE8}") = "docs", "docs", "{9A6BC53D-12E6-4F8D-807F-FA22D2C08322}"
	ProjectSection(SolutionItems) = preProject
		docs\CORE.API.md = docs\CORE.API.md
	EndProjectSection
EndProject
Project("{2150E333-8FDC-42A3-9474-1A3956D46DE8}") = "build", "build", "{1A02E9F6-4149-477E-A1CE-2F72F0448ADF}"
EndProject
Project("{2150E333-8FDC-42A3-9474-1A3956D46DE8}") = "tests", "tests", "{5367AD30-28F8-4ED3-BDF0-25E038C73F78}"
EndProject
Project("{9A19103F-16F7-4668-BE54-9A1E7A4F7556}") = "Core.API", "src\Core.API\Core.API.csproj", "{DD74F8B8-B811-4285-9906-CD847E2D764D}"
EndProject
Project("{2150E333-8FDC-42A3-9474-1A3956D46DE8}") = "demo", "demo", "{771949F3-4674-4B20-9D54-0445FC609324}"
EndProject
Project("{9A19103F-16F7-4668-BE54-9A1E7A4F7556}") = "DemoSignalR", "demo\DemoSignalR\DemoSignalR.csproj", "{3E8A9E9C-E116-4FD2-BBC3-E86A4E71582F}"
EndProject
Project("{9A19103F-16F7-4668-BE54-9A1E7A4F7556}") = "DemoMongoDB", "demo\DemoMongoDB\DemoMongoDB.csproj", "{9C06A4A3-1B1C-4101-8258-C8800B0114E1}"
EndProject
Project("{9A19103F-16F7-4668-BE54-9A1E7A4F7556}") = "GrpcGreeter", "demo\GrpcGreeter\GrpcGreeter.csproj", "{2F2E4817-29F5-4B7A-A33E-B46E1F429313}"
EndProject
Project("{9A19103F-16F7-4668-BE54-9A1E7A4F7556}") = "GrpcGreeterClient", "demo\GrpcGreeterClient\GrpcGreeterClient.csproj", "{A91C0D5B-519F-43C0-AE54-6F5FD17657F7}"
EndProject
Project("{2150E333-8FDC-42A3-9474-1A3956D46DE8}") = "demoplugin", "demoplugin", "{5CC22DB0-674E-4152-B5C4-5AE155FFECA8}"
EndProject
Project("{9A19103F-16F7-4668-BE54-9A1E7A4F7556}") = "DemoPlugin1", "demoplugin\DemoPlugin1\DemoPlugin1.csproj", "{3BA664CB-B694-49CF-A8C3-59A10C07AD25}"
EndProject
Project("{9A19103F-16F7-4668-BE54-9A1E7A4F7556}") = "DynamicPluginsDemoSite", "demoplugin\DynamicPluginsDemoSite\DynamicPluginsDemoSite.csproj", "{EA46530D-E9CC-48E7-B8B4-E1D4F62B0BC0}"
EndProject
Project("{2150E333-8FDC-42A3-9474-1A3956D46DE8}") = "demomicroservices", "demomicroservices", "{79D2370A-BF5A-428D-9640-331A038D457C}"
EndProject
Project("{9A19103F-16F7-4668-BE54-9A1E7A4F7556}") = "User.API", "demomicroservices\User.API\User.API.csproj", "{CF3AE109-1F4A-498F-A92C-C6A4F0C8E5D1}"
EndProject
Project("{FAE04EC0-301F-11D3-BF4B-00C04F79EFBC}") = "DemoPlugin2", "demoplugin\DemoPlugin2\DemoPlugin2.csproj", "{F4DFA07B-5DED-4E49-A4EB-306910B302E8}"
EndProject
Global
	GlobalSection(SolutionConfigurationPlatforms) = preSolution
		Debug|Any CPU = Debug|Any CPU
		Release|Any CPU = Release|Any CPU
	EndGlobalSection
	GlobalSection(ProjectConfigurationPlatforms) = postSolution
		{F11CFD5E-7810-448D-BE67-599717D1919B}.Debug|Any CPU.ActiveCfg = Debug|Any CPU
		{F11CFD5E-7810-448D-BE67-599717D1919B}.Debug|Any CPU.Build.0 = Debug|Any CPU
		{F11CFD5E-7810-448D-BE67-599717D1919B}.Release|Any CPU.ActiveCfg = Release|Any CPU
		{F11CFD5E-7810-448D-BE67-599717D1919B}.Release|Any CPU.Build.0 = Release|Any CPU
		{D7D73B31-C322-4ED1-91ED-5FD7C1F2F953}.Debug|Any CPU.ActiveCfg = Debug|Any CPU
		{D7D73B31-C322-4ED1-91ED-5FD7C1F2F953}.Debug|Any CPU.Build.0 = Debug|Any CPU
		{D7D73B31-C322-4ED1-91ED-5FD7C1F2F953}.Release|Any CPU.ActiveCfg = Release|Any CPU
		{D7D73B31-C322-4ED1-91ED-5FD7C1F2F953}.Release|Any CPU.Build.0 = Release|Any CPU
		{0BEC6E4E-2201-4B9E-BB13-3314CADDEE38}.Debug|Any CPU.ActiveCfg = Debug|Any CPU
		{0BEC6E4E-2201-4B9E-BB13-3314CADDEE38}.Debug|Any CPU.Build.0 = Debug|Any CPU
		{0BEC6E4E-2201-4B9E-BB13-3314CADDEE38}.Release|Any CPU.ActiveCfg = Release|Any CPU
		{0BEC6E4E-2201-4B9E-BB13-3314CADDEE38}.Release|Any CPU.Build.0 = Release|Any CPU
		{F3E57DA7-393E-463D-83A9-BA040EDDDFF3}.Debug|Any CPU.ActiveCfg = Debug|Any CPU
		{F3E57DA7-393E-463D-83A9-BA040EDDDFF3}.Debug|Any CPU.Build.0 = Debug|Any CPU
		{F3E57DA7-393E-463D-83A9-BA040EDDDFF3}.Release|Any CPU.ActiveCfg = Release|Any CPU
		{F3E57DA7-393E-463D-83A9-BA040EDDDFF3}.Release|Any CPU.Build.0 = Release|Any CPU
		{18EF2991-85F1-4BD3-9CF0-47A0A830F1CC}.Debug|Any CPU.ActiveCfg = Debug|Any CPU
		{18EF2991-85F1-4BD3-9CF0-47A0A830F1CC}.Debug|Any CPU.Build.0 = Debug|Any CPU
		{18EF2991-85F1-4BD3-9CF0-47A0A830F1CC}.Release|Any CPU.ActiveCfg = Release|Any CPU
		{18EF2991-85F1-4BD3-9CF0-47A0A830F1CC}.Release|Any CPU.Build.0 = Release|Any CPU
		{429088AD-2FE5-4336-BDBD-5B054D5AB43D}.Debug|Any CPU.ActiveCfg = Debug|Any CPU
		{429088AD-2FE5-4336-BDBD-5B054D5AB43D}.Debug|Any CPU.Build.0 = Debug|Any CPU
		{429088AD-2FE5-4336-BDBD-5B054D5AB43D}.Release|Any CPU.ActiveCfg = Release|Any CPU
		{429088AD-2FE5-4336-BDBD-5B054D5AB43D}.Release|Any CPU.Build.0 = Release|Any CPU
		{164BCD76-E848-4146-8D15-2C6A7181DFBF}.Debug|Any CPU.ActiveCfg = Debug|Any CPU
		{164BCD76-E848-4146-8D15-2C6A7181DFBF}.Debug|Any CPU.Build.0 = Debug|Any CPU
		{164BCD76-E848-4146-8D15-2C6A7181DFBF}.Release|Any CPU.ActiveCfg = Release|Any CPU
		{164BCD76-E848-4146-8D15-2C6A7181DFBF}.Release|Any CPU.Build.0 = Release|Any CPU
		{DD74F8B8-B811-4285-9906-CD847E2D764D}.Debug|Any CPU.ActiveCfg = Debug|Any CPU
		{DD74F8B8-B811-4285-9906-CD847E2D764D}.Debug|Any CPU.Build.0 = Debug|Any CPU
		{DD74F8B8-B811-4285-9906-CD847E2D764D}.Release|Any CPU.ActiveCfg = Release|Any CPU
		{DD74F8B8-B811-4285-9906-CD847E2D764D}.Release|Any CPU.Build.0 = Release|Any CPU
		{3E8A9E9C-E116-4FD2-BBC3-E86A4E71582F}.Debug|Any CPU.ActiveCfg = Debug|Any CPU
		{3E8A9E9C-E116-4FD2-BBC3-E86A4E71582F}.Debug|Any CPU.Build.0 = Debug|Any CPU
		{3E8A9E9C-E116-4FD2-BBC3-E86A4E71582F}.Release|Any CPU.ActiveCfg = Release|Any CPU
		{3E8A9E9C-E116-4FD2-BBC3-E86A4E71582F}.Release|Any CPU.Build.0 = Release|Any CPU
		{9C06A4A3-1B1C-4101-8258-C8800B0114E1}.Debug|Any CPU.ActiveCfg = Debug|Any CPU
		{9C06A4A3-1B1C-4101-8258-C8800B0114E1}.Debug|Any CPU.Build.0 = Debug|Any CPU
		{9C06A4A3-1B1C-4101-8258-C8800B0114E1}.Release|Any CPU.ActiveCfg = Release|Any CPU
		{9C06A4A3-1B1C-4101-8258-C8800B0114E1}.Release|Any CPU.Build.0 = Release|Any CPU
		{2F2E4817-29F5-4B7A-A33E-B46E1F429313}.Debug|Any CPU.ActiveCfg = Debug|Any CPU
		{2F2E4817-29F5-4B7A-A33E-B46E1F429313}.Debug|Any CPU.Build.0 = Debug|Any CPU
		{2F2E4817-29F5-4B7A-A33E-B46E1F429313}.Release|Any CPU.ActiveCfg = Release|Any CPU
		{2F2E4817-29F5-4B7A-A33E-B46E1F429313}.Release|Any CPU.Build.0 = Release|Any CPU
		{A91C0D5B-519F-43C0-AE54-6F5FD17657F7}.Debug|Any CPU.ActiveCfg = Debug|Any CPU
		{A91C0D5B-519F-43C0-AE54-6F5FD17657F7}.Debug|Any CPU.Build.0 = Debug|Any CPU
		{A91C0D5B-519F-43C0-AE54-6F5FD17657F7}.Release|Any CPU.ActiveCfg = Release|Any CPU
		{A91C0D5B-519F-43C0-AE54-6F5FD17657F7}.Release|Any CPU.Build.0 = Release|Any CPU
		{3BA664CB-B694-49CF-A8C3-59A10C07AD25}.Debug|Any CPU.ActiveCfg = Debug|Any CPU
		{3BA664CB-B694-49CF-A8C3-59A10C07AD25}.Debug|Any CPU.Build.0 = Debug|Any CPU
		{3BA664CB-B694-49CF-A8C3-59A10C07AD25}.Release|Any CPU.ActiveCfg = Release|Any CPU
		{3BA664CB-B694-49CF-A8C3-59A10C07AD25}.Release|Any CPU.Build.0 = Release|Any CPU
		{EA46530D-E9CC-48E7-B8B4-E1D4F62B0BC0}.Debug|Any CPU.ActiveCfg = Debug|Any CPU
		{EA46530D-E9CC-48E7-B8B4-E1D4F62B0BC0}.Debug|Any CPU.Build.0 = Debug|Any CPU
		{EA46530D-E9CC-48E7-B8B4-E1D4F62B0BC0}.Release|Any CPU.ActiveCfg = Release|Any CPU
		{EA46530D-E9CC-48E7-B8B4-E1D4F62B0BC0}.Release|Any CPU.Build.0 = Release|Any CPU
		{CF3AE109-1F4A-498F-A92C-C6A4F0C8E5D1}.Debug|Any CPU.ActiveCfg = Debug|Any CPU
		{CF3AE109-1F4A-498F-A92C-C6A4F0C8E5D1}.Debug|Any CPU.Build.0 = Debug|Any CPU
		{CF3AE109-1F4A-498F-A92C-C6A4F0C8E5D1}.Release|Any CPU.ActiveCfg = Release|Any CPU
		{CF3AE109-1F4A-498F-A92C-C6A4F0C8E5D1}.Release|Any CPU.Build.0 = Release|Any CPU
		{F4DFA07B-5DED-4E49-A4EB-306910B302E8}.Debug|Any CPU.ActiveCfg = Debug|Any CPU
		{F4DFA07B-5DED-4E49-A4EB-306910B302E8}.Debug|Any CPU.Build.0 = Debug|Any CPU
		{F4DFA07B-5DED-4E49-A4EB-306910B302E8}.Release|Any CPU.ActiveCfg = Release|Any CPU
		{F4DFA07B-5DED-4E49-A4EB-306910B302E8}.Release|Any CPU.Build.0 = Release|Any CPU
	EndGlobalSection
	GlobalSection(SolutionProperties) = preSolution
		HideSolutionNode = FALSE
	EndGlobalSection
	GlobalSection(NestedProjects) = preSolution
		{F11CFD5E-7810-448D-BE67-599717D1919B} = {84539894-8423-484C-974C-24F8BACF2223}
		{D7D73B31-C322-4ED1-91ED-5FD7C1F2F953} = {84539894-8423-484C-974C-24F8BACF2223}
		{0BEC6E4E-2201-4B9E-BB13-3314CADDEE38} = {84539894-8423-484C-974C-24F8BACF2223}
		{F3E57DA7-393E-463D-83A9-BA040EDDDFF3} = {84539894-8423-484C-974C-24F8BACF2223}
		{18EF2991-85F1-4BD3-9CF0-47A0A830F1CC} = {84539894-8423-484C-974C-24F8BACF2223}
		{429088AD-2FE5-4336-BDBD-5B054D5AB43D} = {84539894-8423-484C-974C-24F8BACF2223}
		{164BCD76-E848-4146-8D15-2C6A7181DFBF} = {84539894-8423-484C-974C-24F8BACF2223}
		{DD74F8B8-B811-4285-9906-CD847E2D764D} = {22724285-11CA-450E-91A0-991E85AD6D31}
		{3E8A9E9C-E116-4FD2-BBC3-E86A4E71582F} = {771949F3-4674-4B20-9D54-0445FC609324}
		{9C06A4A3-1B1C-4101-8258-C8800B0114E1} = {771949F3-4674-4B20-9D54-0445FC609324}
		{2F2E4817-29F5-4B7A-A33E-B46E1F429313} = {771949F3-4674-4B20-9D54-0445FC609324}
		{A91C0D5B-519F-43C0-AE54-6F5FD17657F7} = {771949F3-4674-4B20-9D54-0445FC609324}
		{3BA664CB-B694-49CF-A8C3-59A10C07AD25} = {5CC22DB0-674E-4152-B5C4-5AE155FFECA8}
		{EA46530D-E9CC-48E7-B8B4-E1D4F62B0BC0} = {5CC22DB0-674E-4152-B5C4-5AE155FFECA8}
		{CF3AE109-1F4A-498F-A92C-C6A4F0C8E5D1} = {79D2370A-BF5A-428D-9640-331A038D457C}
		{F4DFA07B-5DED-4E49-A4EB-306910B302E8} = {5CC22DB0-674E-4152-B5C4-5AE155FFECA8}
	EndGlobalSection
	GlobalSection(ExtensibilityGlobals) = postSolution
		SolutionGuid = {12C31BE3-8B81-4569-BA0C-C043E77C58D4}
	EndGlobalSection
EndGlobal
